// !$*UTF8*$!
{
	archiveVersion = 1;
	classes = {
	};
	objectVersion = 50;
	objects = {

/* Begin PBXBuildFile section */
		E40ECC92260EBC1300802247 /* LampiApp.swift in Sources */ = {isa = PBXBuildFile; fileRef = E40ECC91260EBC1300802247 /* LampiApp.swift */; };
		E40ECC94260EBC1300802247 /* LampiView.swift in Sources */ = {isa = PBXBuildFile; fileRef = E40ECC93260EBC1300802247 /* LampiView.swift */; };
		E40ECC96260EBC1400802247 /* Assets.xcassets in Resources */ = {isa = PBXBuildFile; fileRef = E40ECC95260EBC1400802247 /* Assets.xcassets */; };
		E40ECC99260EBC1400802247 /* Preview Assets.xcassets in Resources */ = {isa = PBXBuildFile; fileRef = E40ECC98260EBC1400802247 /* Preview Assets.xcassets */; };
		E40ECCA3260EBC3700802247 /* Lampi.swift in Sources */ = {isa = PBXBuildFile; fileRef = E40ECCA2260EBC3700802247 /* Lampi.swift */; };
		E40ECCA6260EBC5400802247 /* GradientSlider.swift in Sources */ = {isa = PBXBuildFile; fileRef = E40ECCA5260EBC5400802247 /* GradientSlider.swift */; };
/* End PBXBuildFile section */

/* Begin PBXFileReference section */
		E40ECC8E260EBC1300802247 /* Lampi.app */ = {isa = PBXFileReference; explicitFileType = wrapper.application; includeInIndex = 0; path = Lampi.app; sourceTree = BUILT_PRODUCTS_DIR; };
		E40ECC91260EBC1300802247 /* LampiApp.swift */ = {isa = PBXFileReference; lastKnownFileType = sourcecode.swift; path = LampiApp.swift; sourceTree = "<group>"; };
		E40ECC93260EBC1300802247 /* LampiView.swift */ = {isa = PBXFileReference; lastKnownFileType = sourcecode.swift; path = LampiView.swift; sourceTree = "<group>"; };
		E40ECC95260EBC1400802247 /* Assets.xcassets */ = {isa = PBXFileReference; lastKnownFileType = folder.assetcatalog; path = Assets.xcassets; sourceTree = "<group>"; };
		E40ECC98260EBC1400802247 /* Preview Assets.xcassets */ = {isa = PBXFileReference; lastKnownFileType = folder.assetcatalog; path = "Preview Assets.xcassets"; sourceTree = "<group>"; };
		E40ECC9A260EBC1400802247 /* Info.plist */ = {isa = PBXFileReference; lastKnownFileType = text.plist.xml; path = Info.plist; sourceTree = "<group>"; };
		E40ECCA2260EBC3700802247 /* Lampi.swift */ = {isa = PBXFileReference; lastKnownFileType = sourcecode.swift; path = Lampi.swift; sourceTree = "<group>"; };
		E40ECCA5260EBC5400802247 /* GradientSlider.swift */ = {isa = PBXFileReference; lastKnownFileType = sourcecode.swift; path = GradientSlider.swift; sourceTree = "<group>"; };
/* End PBXFileReference section */

/* Begin PBXFrameworksBuildPhase section */
		E40ECC8B260EBC1300802247 /* Frameworks */ = {
			isa = PBXFrameworksBuildPhase;
			buildActionMask = 2147483647;
			files = (
			);
			runOnlyForDeploymentPostprocessing = 0;
		};
/* End PBXFrameworksBuildPhase section */

/* Begin PBXGroup section */
		E40ECC85260EBC1300802247 = {
			isa = PBXGroup;
			children = (
				E40ECC90260EBC1300802247 /* Lampi */,
				E40ECC8F260EBC1300802247 /* Products */,
			);
			sourceTree = "<group>";
		};
		E40ECC8F260EBC1300802247 /* Products */ = {
			isa = PBXGroup;
			children = (
				E40ECC8E260EBC1300802247 /* Lampi.app */,
			);
			name = Products;
			sourceTree = "<group>";
		};
		E40ECC90260EBC1300802247 /* Lampi */ = {
			isa = PBXGroup;
			children = (
				E40ECC91260EBC1300802247 /* LampiApp.swift */,
				E40ECC93260EBC1300802247 /* LampiView.swift */,
				E40ECC95260EBC1400802247 /* Assets.xcassets */,
				E40ECC9A260EBC1400802247 /* Info.plist */,
				E40ECCA5260EBC5400802247 /* GradientSlider.swift */,
				E40ECCA2260EBC3700802247 /* Lampi.swift */,
				E40ECC97260EBC1400802247 /* Preview Content */,
			);
			path = Lampi;
			sourceTree = "<group>";
		};
		E40ECC97260EBC1400802247 /* Preview Content */ = {
			isa = PBXGroup;
			children = (
				E40ECC98260EBC1400802247 /* Preview Assets.xcassets */,
			);
			path = "Preview Content";
			sourceTree = "<group>";
		};
/* End PBXGroup section */

/* Begin PBXNativeTarget section */
		E40ECC8D260EBC1300802247 /* Lampi */ = {
			isa = PBXNativeTarget;
			buildConfigurationList = E40ECC9D260EBC1400802247 /* Build configuration list for PBXNativeTarget "Lampi" */;
			buildPhases = (
				E40ECC8A260EBC1300802247 /* Sources */,
				E40ECC8B260EBC1300802247 /* Frameworks */,
				E40ECC8C260EBC1300802247 /* Resources */,
			);
			buildRules = (
			);
			dependencies = (
			);
			name = Lampi;
			productName = Lampi;
			productReference = E40ECC8E260EBC1300802247 /* Lampi.app */;
			productType = "com.apple.product-type.application";
		};
/* End PBXNativeTarget section */

/* Begin PBXProject section */
		E40ECC86260EBC1300802247 /* Project object */ = {
			isa = PBXProject;
			attributes = {
				LastSwiftUpdateCheck = 1240;
				LastUpgradeCheck = 1240;
				TargetAttributes = {
					E40ECC8D260EBC1300802247 = {
						CreatedOnToolsVersion = 12.4;
					};
				};
			};
			buildConfigurationList = E40ECC89260EBC1300802247 /* Build configuration list for PBXProject "Lampi" */;
			compatibilityVersion = "Xcode 9.3";
			developmentRegion = en;
			hasScannedForEncodings = 0;
			knownRegions = (
				en,
				Base,
			);
			mainGroup = E40ECC85260EBC1300802247;
			productRefGroup = E40ECC8F260EBC1300802247 /* Products */;
			projectDirPath = "";
			projectRoot = "";
			targets = (
				E40ECC8D260EBC1300802247 /* Lampi */,
			);
		};
/* End PBXProject section */

/* Begin PBXResourcesBuildPhase section */
		E40ECC8C260EBC1300802247 /* Resources */ = {
			isa = PBXResourcesBuildPhase;
			buildActionMask = 2147483647;
			files = (
				E40ECC99260EBC1400802247 /* Preview Assets.xcassets in Resources */,
				E40ECC96260EBC1400802247 /* Assets.xcassets in Resources */,
			);
			runOnlyForDeploymentPostprocessing = 0;
		};
/* End PBXResourcesBuildPhase section */

/* Begin PBXSourcesBuildPhase section */
		E40ECC8A260EBC1300802247 /* Sources */ = {
			isa = PBXSourcesBuildPhase;
			buildActionMask = 2147483647;
			files = (
				E40ECCA6260EBC5400802247 /* GradientSlider.swift in Sources */,
				E40ECC94260EBC1300802247 /* LampiView.swift in Sources */,
				E40ECCA3260EBC3700802247 /* Lampi.swift in Sources */,
				E40ECC92260EBC1300802247 /* LampiApp.swift in Sources */,
			);
			runOnlyForDeploymentPostprocessing = 0;
		};
/* End PBXSourcesBuildPhase section */

/* Begin XCBuildConfiguration section */
		E40ECC9B260EBC1400802247 /* Debug */ = {
			isa = XCBuildConfiguration;
			buildSettings = {
				ALWAYS_SEARCH_USER_PATHS = NO;
				CLANG_ANALYZER_NONNULL = YES;
				CLANG_ANALYZER_NUMBER_OBJECT_CONVERSION = YES_AGGRESSIVE;
				CLANG_CXX_LANGUAGE_STANDARD = "gnu++14";
				CLANG_CXX_LIBRARY = "libc++";
				CLANG_ENABLE_MODULES = YES;
				CLANG_ENABLE_OBJC_ARC = YES;
				CLANG_ENABLE_OBJC_WEAK = YES;
				CLANG_WARN_BLOCK_CAPTURE_AUTORELEASING = YES;
				CLANG_WARN_BOOL_CONVERSION = YES;
				CLANG_WARN_COMMA = YES;
				CLANG_WARN_CONSTANT_CONVERSION = YES;
				CLANG_WARN_DEPRECATED_OBJC_IMPLEMENTATIONS = YES;
				CLANG_WARN_DIRECT_OBJC_ISA_USAGE = YES_ERROR;
				CLANG_WARN_DOCUMENTATION_COMMENTS = YES;
				CLANG_WARN_EMPTY_BODY = YES;
				CLANG_WARN_ENUM_CONVERSION = YES;
				CLANG_WARN_INFINITE_RECURSION = YES;
				CLANG_WARN_INT_CONVERSION = YES;
				CLANG_WARN_NON_LITERAL_NULL_CONVERSION = YES;
				CLANG_WARN_OBJC_IMPLICIT_RETAIN_SELF = YES;
				CLANG_WARN_OBJC_LITERAL_CONVERSION = YES;
				CLANG_WARN_OBJC_ROOT_CLASS = YES_ERROR;
				CLANG_WARN_QUOTED_INCLUDE_IN_FRAMEWORK_HEADER = YES;
				CLANG_WARN_RANGE_LOOP_ANALYSIS = YES;
				CLANG_WARN_STRICT_PROTOTYPES = YES;
				CLANG_WARN_SUSPICIOUS_MOVE = YES;
				CLANG_WARN_UNGUARDED_AVAILABILITY = YES_AGGRESSIVE;
				CLANG_WARN_UNREACHABLE_CODE = YES;
				CLANG_WARN__DUPLICATE_METHOD_MATCH = YES;
				COPY_PHASE_STRIP = NO;
				DEBUG_INFORMATION_FORMAT = dwarf;
				ENABLE_STRICT_OBJC_MSGSEND = YES;
				ENABLE_TESTABILITY = YES;
				GCC_C_LANGUAGE_STANDARD = gnu11;
				GCC_DYNAMIC_NO_PIC = NO;
				GCC_NO_COMMON_BLOCKS = YES;
				GCC_OPTIMIZATION_LEVEL = 0;
				GCC_PREPROCESSOR_DEFINITIONS = (
					"DEBUG=1",
					"$(inherited)",
				);
				GCC_WARN_64_TO_32_BIT_CONVERSION = YES;
				GCC_WARN_ABOUT_RETURN_TYPE = YES_ERROR;
				GCC_WARN_UNDECLARED_SELECTOR = YES;
				GCC_WARN_UNINITIALIZED_AUTOS = YES_AGGRESSIVE;
				GCC_WARN_UNUSED_FUNCTION = YES;
				GCC_WARN_UNUSED_VARIABLE = YES;
				IPHONEOS_DEPLOYMENT_TARGET = 14.4;
				MTL_ENABLE_DEBUG_INFO = INCLUDE_SOURCE;
				MTL_FAST_MATH = YES;
				ONLY_ACTIVE_ARCH = YES;
				SDKROOT = iphoneos;
				SWIFT_ACTIVE_COMPILATION_CONDITIONS = DEBUG;
				SWIFT_OPTIMIZATION_LEVEL = "-Onone";
			};
			name = Debug;
		};
		E40ECC9C260EBC1400802247 /* Release */ = {
			isa = XCBuildConfiguration;
			buildSettings = {
				ALWAYS_SEARCH_USER_PATHS = NO;
				CLANG_ANALYZER_NONNULL = YES;
				CLANG_ANALYZER_NUMBER_OBJECT_CONVERSION = YES_AGGRESSIVE;
				CLANG_CXX_LANGUAGE_STANDARD = "gnu++14";
				CLANG_CXX_LIBRARY = "libc++";
				CLANG_ENABLE_MODULES = YES;
				CLANG_ENABLE_OBJC_ARC = YES;
				CLANG_ENABLE_OBJC_WEAK = YES;
				CLANG_WARN_BLOCK_CAPTURE_AUTORELEASING = YES;
				CLANG_WARN_BOOL_CONVERSION = YES;
				CLANG_WARN_COMMA = YES;
				CLANG_WARN_CONSTANT_CONVERSION = YES;
				CLANG_WARN_DEPRECATED_OBJC_IMPLEMENTATIONS = YES;
				CLANG_WARN_DIRECT_OBJC_ISA_USAGE = YES_ERROR;
				CLANG_WARN_DOCUMENTATION_COMMENTS = YES;
				CLANG_WARN_EMPTY_BODY = YES;
				CLANG_WARN_ENUM_CONVERSION = YES;
				CLANG_WARN_INFINITE_RECURSION = YES;
				CLANG_WARN_INT_CONVERSION = YES;
				CLANG_WARN_NON_LITERAL_NULL_CONVERSION = YES;
				CLANG_WARN_OBJC_IMPLICIT_RETAIN_SELF = YES;
				CLANG_WARN_OBJC_LITERAL_CONVERSION = YES;
				CLANG_WARN_OBJC_ROOT_CLASS = YES_ERROR;
				CLANG_WARN_QUOTED_INCLUDE_IN_FRAMEWORK_HEADER = YES;
				CLANG_WARN_RANGE_LOOP_ANALYSIS = YES;
				CLANG_WARN_STRICT_PROTOTYPES = YES;
				CLANG_WARN_SUSPICIOUS_MOVE = YES;
				CLANG_WARN_UNGUARDED_AVAILABILITY = YES_AGGRESSIVE;
				CLANG_WARN_UNREACHABLE_CODE = YES;
				CLANG_WARN__DUPLICATE_METHOD_MATCH = YES;
				COPY_PHASE_STRIP = NO;
				DEBUG_INFORMATION_FORMAT = "dwarf-with-dsym";
				ENABLE_NS_ASSERTIONS = NO;
				ENABLE_STRICT_OBJC_MSGSEND = YES;
				GCC_C_LANGUAGE_STANDARD = gnu11;
				GCC_NO_COMMON_BLOCKS = YES;
				GCC_WARN_64_TO_32_BIT_CONVERSION = YES;
				GCC_WARN_ABOUT_RETURN_TYPE = YES_ERROR;
				GCC_WARN_UNDECLARED_SELECTOR = YES;
				GCC_WARN_UNINITIALIZED_AUTOS = YES_AGGRESSIVE;
				GCC_WARN_UNUSED_FUNCTION = YES;
				GCC_WARN_UNUSED_VARIABLE = YES;
				IPHONEOS_DEPLOYMENT_TARGET = 14.4;
				MTL_ENABLE_DEBUG_INFO = NO;
				MTL_FAST_MATH = YES;
				SDKROOT = iphoneos;
				SWIFT_COMPILATION_MODE = wholemodule;
				SWIFT_OPTIMIZATION_LEVEL = "-O";
				VALIDATE_PRODUCT = YES;
			};
			name = Release;
		};
		E40ECC9E260EBC1400802247 /* Debug */ = {
			isa = XCBuildConfiguration;
			buildSettings = {
				ASSETCATALOG_COMPILER_APPICON_NAME = AppIcon;
				ASSETCATALOG_COMPILER_GLOBAL_ACCENT_COLOR_NAME = AccentColor;
				CODE_SIGN_STYLE = Automatic;
				DEVELOPMENT_ASSET_PATHS = "\"Lampi/Preview Content\"";
				DEVELOPMENT_TEAM = H6Q9U3PVYC;
				ENABLE_PREVIEWS = YES;
				INFOPLIST_FILE = Lampi/Info.plist;
				IPHONEOS_DEPLOYMENT_TARGET = 14.0;
				LD_RUNPATH_SEARCH_PATHS = (
					"$(inherited)",
					"@executable_path/Frameworks",
				);
				PRODUCT_BUNDLE_IDENTIFIER = dev.tejaswini.Lampi;
				PRODUCT_NAME = "$(TARGET_NAME)";
				SWIFT_VERSION = 5.0;
				TARGETED_DEVICE_FAMILY = 1;
			};
			name = Debug;
		};
		E40ECC9F260EBC1400802247 /* Release */ = {
			isa = XCBuildConfiguration;
			buildSettings = {
				ASSETCATALOG_COMPILER_APPICON_NAME = AppIcon;
				ASSETCATALOG_COMPILER_GLOBAL_ACCENT_COLOR_NAME = AccentColor;
				CODE_SIGN_STYLE = Automatic;
				DEVELOPMENT_ASSET_PATHS = "\"Lampi/Preview Content\"";
				DEVELOPMENT_TEAM = H6Q9U3PVYC;
				ENABLE_PREVIEWS = YES;
				INFOPLIST_FILE = Lampi/Info.plist;
				IPHONEOS_DEPLOYMENT_TARGET = 14.0;
				LD_RUNPATH_SEARCH_PATHS = (
					"$(inherited)",
					"@executable_path/Frameworks",
				);
				PRODUCT_BUNDLE_IDENTIFIER = dev.tejaswini.Lampi;
				PRODUCT_NAME = "$(TARGET_NAME)";
				SWIFT_VERSION = 5.0;
				TARGETED_DEVICE_FAMILY = 1;
			};
			name = Release;
		};
/* End XCBuildConfiguration section */

/* Begin XCConfigurationList section */
		E40ECC89260EBC1300802247 /* Build configuration list for PBXProject "Lampi" */ = {
			isa = XCConfigurationList;
			buildConfigurations = (
				E40ECC9B260EBC1400802247 /* Debug */,
				E40ECC9C260EBC1400802247 /* Release */,
			);
			defaultConfigurationIsVisible = 0;
			defaultConfigurationName = Release;
		};
		E40ECC9D260EBC1400802247 /* Build configuration list for PBXNativeTarget "Lampi" */ = {
			isa = XCConfigurationList;
			buildConfigurations = (
				E40ECC9E260EBC1400802247 /* Debug */,
				E40ECC9F260EBC1400802247 /* Release */,
			);
			defaultConfigurationIsVisible = 0;
			defaultConfigurationName = Release;
		};
/* End XCConfigurationList section */
	};
	rootObject = E40ECC86260EBC1300802247 /* Project object */;
}
